{
  "object": {
    "pins": [
      {
        "package": "Rainbow",
        "repositoryURL": "https://github.com/onevcat/Rainbow",
        "state": {
          "branch": null,
          "revision": "e0dada9cd44e3fa7ec3b867e49a8ddbf543e3df3",
          "version": "4.0.1"
        }
      },
      {
        "package": "Swish",
        "repositoryURL": "https://github.com/danramteke/Swish.git",
        "state": {
          "branch": null,
          "revision": "d81757773a2689a5c220026d96d7823106a7e6a1",
          "version": "1.4.0"
        }
      }
    ]
  },
  "version": 1
}
